
Microsoft Visual Studio Solution File, Format Version 12.00
# Visual Studio Version 16
VisualStudioVersion = 16.0.31624.102
MinimumVisualStudioVersion = 10.0.40219.1
Project("{FAE04EC0-301F-11D3-BF4B-00C04F79EFBC}") = "ConsoleApp3", "ConsoleApp3\ConsoleApp3.csproj", "{F4540861-C3E7-4652-A6E6-58A2AA6A16F1}"
EndProject
Global
	GlobalSection(SolutionConfigurationPlatforms) = preSolution
		Debug|Any CPU = Debug|Any CPU
		Release|Any CPU = Release|Any CPU
	EndGlobalSection
	GlobalSection(ProjectConfigurationPlatforms) = postSolution
		{F4540861-C3E7-4652-A6E6-58A2AA6A16F1}.Debug|Any CPU.ActiveCfg = Debug|Any CPU
		{F4540861-C3E7-4652-A6E6-58A2AA6A16F1}.Debug|Any CPU.Build.0 = Debug|Any CPU
		{F4540861-C3E7-4652-A6E6-58A2AA6A16F1}.Release|Any CPU.ActiveCfg = Release|Any CPU
		{F4540861-C3E7-4652-A6E6-58A2AA6A16F1}.Release|Any CPU.Build.0 = Release|Any CPU
	EndGlobalSection
	GlobalSection(SolutionProperties) = preSolution
		HideSolutionNode = FALSE
	EndGlobalSection
	GlobalSection(ExtensibilityGlobals) = postSolution
		SolutionGuid = {7BC40412-1D41-44BE-8821-8973C7D5E778}
	EndGlobalSection
EndGlobal
